
Microsoft Visual Studio Solution File, Format Version 12.00
# Visual Studio Version 16
VisualStudioVersion = 16.0.30413.136
MinimumVisualStudioVersion = 10.0.40219.1
Project("{FAE04EC0-301F-11D3-BF4B-00C04F79EFBC}") = "EigenMaaltijd", "EigenMaaltijd\EigenMaaltijd.csproj", "{2993E816-CFE5-4FB9-8690-34A7EF2D9E0B}"
EndProject
Global
	GlobalSection(SolutionConfigurationPlatforms) = preSolution
		Debug|Any CPU = Debug|Any CPU
		Release|Any CPU = Release|Any CPU
	EndGlobalSection
	GlobalSection(ProjectConfigurationPlatforms) = postSolution
		{2993E816-CFE5-4FB9-8690-34A7EF2D9E0B}.Debug|Any CPU.ActiveCfg = Debug|Any CPU
		{2993E816-CFE5-4FB9-8690-34A7EF2D9E0B}.Debug|Any CPU.Build.0 = Debug|Any CPU
		{2993E816-CFE5-4FB9-8690-34A7EF2D9E0B}.Release|Any CPU.ActiveCfg = Release|Any CPU
		{2993E816-CFE5-4FB9-8690-34A7EF2D9E0B}.Release|Any CPU.Build.0 = Release|Any CPU
	EndGlobalSection
	GlobalSection(SolutionProperties) = preSolution
		HideSolutionNode = FALSE
	EndGlobalSection
	GlobalSection(ExtensibilityGlobals) = postSolution
		SolutionGuid = {B5228E22-A9B1-4B00-8098-67011431179F}
	EndGlobalSection
EndGlobal
